<?xml version="1.0" encoding="UTF-8"?>
<Scheme
   version = "1.3">
   <BuildAction>
      <BuildActionEntries>
         <BuildActionEntry
            buildForRunning = "YES">
            <BuildableReference
               BuildableIdentifier = "primary"
               BlueprintIdentifier = "E995A7292254A974004F6C54"
               BuildableName = "DevCamp2019_SwiftSpriteKitWorkshop.app"
               BlueprintName = "DevCamp2019_SwiftSpriteKitWorkshop"
               ReferencedContainer = "container:DevCamp2019_SwiftSpriteKitWorkshop.xcodeproj">
            </BuildableReference>
         </BuildActionEntry>
      </BuildActionEntries>
   </BuildAction>
   <LaunchAction
      useCustomWorkingDirectory = "NO"
      buildConfiguration = "Debug"
      allowLocationSimulation = "YES">
      <BuildableProductRunnable>
         <BuildableReference
            BuildableIdentifier = "primary"
            BlueprintIdentifier = "E995A7292254A974004F6C54"
            BuildableName = "DevCamp2019_SwiftSpriteKitWorkshop.app"
            BlueprintName = "DevCamp2019_SwiftSpriteKitWorkshop"
            ReferencedContainer = "container:DevCamp2019_SwiftSpriteKitWorkshop.xcodeproj">
         </BuildableReference>
      </BuildableProductRunnable>
   </LaunchAction>
</Scheme>
